// !$*UTF8*$!
{
	archiveVersion = 1;
	classes = {
	};
	objectVersion = 56;
	objects = {

/* Begin PBXBuildFile section */
		FBD987772CA1E0F500775A1A /* AppDelegate.swift in Sources */ = {isa = PBXBuildFile; fileRef = FBD987762CA1E0F500775A1A /* AppDelegate.swift */; };
		FBD987792CA1E0F500775A1A /* SceneDelegate.swift in Sources */ = {isa = PBXBuildFile; fileRef = FBD987782CA1E0F500775A1A /* SceneDelegate.swift */; };
		FBD9877B2CA1E0F500775A1A /* ViewController.swift in Sources */ = {isa = PBXBuildFile; fileRef = FBD9877A2CA1E0F500775A1A /* ViewController.swift */; };
		FBD9877E2CA1E0F500775A1A /* Base in Resources */ = {isa = PBXBuildFile; fileRef = FBD9877D2CA1E0F500775A1A /* Base */; };
		FBD987802CA1E0F700775A1A /* Assets.xcassets in Resources */ = {isa = PBXBuildFile; fileRef = FBD9877F2CA1E0F700775A1A /* Assets.xcassets */; };
		FBD987832CA1E0F700775A1A /* Base in Resources */ = {isa = PBXBuildFile; fileRef = FBD987822CA1E0F700775A1A /* Base */; };
		FBD9878B2CA1E17B00775A1A /* ViewController2.swift in Sources */ = {isa = PBXBuildFile; fileRef = FBD9878A2CA1E17B00775A1A /* ViewController2.swift */; };
		FBD9878F2CA1F47500775A1A /* ViewController3.swift in Sources */ = {isa = PBXBuildFile; fileRef = FBD9878E2CA1F47500775A1A /* ViewController3.swift */; };
		FBD987932CA2023700775A1A /* IMAGENESJPEG in Resources */ = {isa = PBXBuildFile; fileRef = FBD987922CA2023700775A1A /* IMAGENESJPEG */; };
/* End PBXBuildFile section */

/* Begin PBXFileReference section */
		FBD987732CA1E0F500775A1A /* paisesTuristicos.app */ = {isa = PBXFileReference; explicitFileType = wrapper.application; includeInIndex = 0; path = paisesTuristicos.app; sourceTree = BUILT_PRODUCTS_DIR; };
		FBD987762CA1E0F500775A1A /* AppDelegate.swift */ = {isa = PBXFileReference; lastKnownFileType = sourcecode.swift; path = AppDelegate.swift; sourceTree = "<group>"; };
		FBD987782CA1E0F500775A1A /* SceneDelegate.swift */ = {isa = PBXFileReference; lastKnownFileType = sourcecode.swift; path = SceneDelegate.swift; sourceTree = "<group>"; };
		FBD9877A2CA1E0F500775A1A /* ViewController.swift */ = {isa = PBXFileReference; lastKnownFileType = sourcecode.swift; path = ViewController.swift; sourceTree = "<group>"; };
		FBD9877D2CA1E0F500775A1A /* Base */ = {isa = PBXFileReference; lastKnownFileType = file.storyboard; name = Base; path = Base.lproj/Main.storyboard; sourceTree = "<group>"; };
		FBD9877F2CA1E0F700775A1A /* Assets.xcassets */ = {isa = PBXFileReference; lastKnownFileType = folder.assetcatalog; path = Assets.xcassets; sourceTree = "<group>"; };
		FBD987822CA1E0F700775A1A /* Base */ = {isa = PBXFileReference; lastKnownFileType = file.storyboard; name = Base; path = Base.lproj/LaunchScreen.storyboard; sourceTree = "<group>"; };
		FBD987842CA1E0F700775A1A /* Info.plist */ = {isa = PBXFileReference; lastKnownFileType = text.plist.xml; path = Info.plist; sourceTree = "<group>"; };
		FBD9878A2CA1E17B00775A1A /* ViewController2.swift */ = {isa = PBXFileReference; lastKnownFileType = sourcecode.swift; path = ViewController2.swift; sourceTree = "<group>"; };
		FBD9878E2CA1F47500775A1A /* ViewController3.swift */ = {isa = PBXFileReference; lastKnownFileType = sourcecode.swift; path = ViewController3.swift; sourceTree = "<group>"; };
		FBD987922CA2023700775A1A /* IMAGENESJPEG */ = {isa = PBXFileReference; lastKnownFileType = folder; name = IMAGENESJPEG; path = ../../../IMAGENESJPEG; sourceTree = "<group>"; };
/* End PBXFileReference section */

/* Begin PBXFrameworksBuildPhase section */
		FBD987702CA1E0F500775A1A /* Frameworks */ = {
			isa = PBXFrameworksBuildPhase;
			buildActionMask = 2147483647;
			files = (
			);
			runOnlyForDeploymentPostprocessing = 0;
		};
/* End PBXFrameworksBuildPhase section */

/* Begin PBXGroup section */
		FBD9876A2CA1E0F500775A1A = {
			isa = PBXGroup;
			children = (
				FBD987752CA1E0F500775A1A /* paisesTuristicos */,
				FBD987742CA1E0F500775A1A /* Products */,
			);
			sourceTree = "<group>";
		};
		FBD987742CA1E0F500775A1A /* Products */ = {
			isa = PBXGroup;
			children = (
				FBD987732CA1E0F500775A1A /* paisesTuristicos.app */,
			);
			name = Products;
			sourceTree = "<group>";
		};
		FBD987752CA1E0F500775A1A /* paisesTuristicos */ = {
			isa = PBXGroup;
			children = (
				FBD987922CA2023700775A1A /* IMAGENESJPEG */,
				FBD987762CA1E0F500775A1A /* AppDelegate.swift */,
				FBD987782CA1E0F500775A1A /* SceneDelegate.swift */,
				FBD9877A2CA1E0F500775A1A /* ViewController.swift */,
				FBD9877C2CA1E0F500775A1A /* Main.storyboard */,
				FBD9877F2CA1E0F700775A1A /* Assets.xcassets */,
				FBD987812CA1E0F700775A1A /* LaunchScreen.storyboard */,
				FBD987842CA1E0F700775A1A /* Info.plist */,
				FBD9878A2CA1E17B00775A1A /* ViewController2.swift */,
				FBD9878E2CA1F47500775A1A /* ViewController3.swift */,
			);
			path = paisesTuristicos;
			sourceTree = "<group>";
		};
/* End PBXGroup section */

/* Begin PBXNativeTarget section */
		FBD987722CA1E0F500775A1A /* paisesTuristicos */ = {
			isa = PBXNativeTarget;
			buildConfigurationList = FBD987872CA1E0F700775A1A /* Build configuration list for PBXNativeTarget "paisesTuristicos" */;
			buildPhases = (
				FBD9876F2CA1E0F500775A1A /* Sources */,
				FBD987702CA1E0F500775A1A /* Frameworks */,
				FBD987712CA1E0F500775A1A /* Resources */,
			);
			buildRules = (
			);
			dependencies = (
			);
			name = paisesTuristicos;
			productName = paisesTuristicos;
			productReference = FBD987732CA1E0F500775A1A /* paisesTuristicos.app */;
			productType = "com.apple.product-type.application";
		};
/* End PBXNativeTarget section */

/* Begin PBXProject section */
		FBD9876B2CA1E0F500775A1A /* Project object */ = {
			isa = PBXProject;
			attributes = {
				BuildIndependentTargetsInParallel = 1;
				LastSwiftUpdateCheck = 1530;
				LastUpgradeCheck = 1530;
				TargetAttributes = {
					FBD987722CA1E0F500775A1A = {
						CreatedOnToolsVersion = 15.3;
					};
				};
			};
			buildConfigurationList = FBD9876E2CA1E0F500775A1A /* Build configuration list for PBXProject "paisesTuristicos" */;
			compatibilityVersion = "Xcode 14.0";
			developmentRegion = en;
			hasScannedForEncodings = 0;
			knownRegions = (
				en,
				Base,
			);
			mainGroup = FBD9876A2CA1E0F500775A1A;
			productRefGroup = FBD987742CA1E0F500775A1A /* Products */;
			projectDirPath = "";
			projectRoot = "";
			targets = (
				FBD987722CA1E0F500775A1A /* paisesTuristicos */,
			);
		};
/* End PBXProject section */

/* Begin PBXResourcesBuildPhase section */
		FBD987712CA1E0F500775A1A /* Resources */ = {
			isa = PBXResourcesBuildPhase;
			buildActionMask = 2147483647;
			files = (
				FBD987802CA1E0F700775A1A /* Assets.xcassets in Resources */,
				FBD987832CA1E0F700775A1A /* Base in Resources */,
				FBD9877E2CA1E0F500775A1A /* Base in Resources */,
				FBD987932CA2023700775A1A /* IMAGENESJPEG in Resources */,
			);
			runOnlyForDeploymentPostprocessing = 0;
		};
/* End PBXResourcesBuildPhase section */

/* Begin PBXSourcesBuildPhase section */
		FBD9876F2CA1E0F500775A1A /* Sources */ = {
			isa = PBXSourcesBuildPhase;
			buildActionMask = 2147483647;
			files = (
				FBD9878F2CA1F47500775A1A /* ViewController3.swift in Sources */,
				FBD9877B2CA1E0F500775A1A /* ViewController.swift in Sources */,
				FBD9878B2CA1E17B00775A1A /* ViewController2.swift in Sources */,
				FBD987772CA1E0F500775A1A /* AppDelegate.swift in Sources */,
				FBD987792CA1E0F500775A1A /* SceneDelegate.swift in Sources */,
			);
			runOnlyForDeploymentPostprocessing = 0;
		};
/* End PBXSourcesBuildPhase section */

/* Begin PBXVariantGroup section */
		FBD9877C2CA1E0F500775A1A /* Main.storyboard */ = {
			isa = PBXVariantGroup;
			children = (
				FBD9877D2CA1E0F500775A1A /* Base */,
			);
			name = Main.storyboard;
			sourceTree = "<group>";
		};
		FBD987812CA1E0F700775A1A /* LaunchScreen.storyboard */ = {
			isa = PBXVariantGroup;
			children = (
				FBD987822CA1E0F700775A1A /* Base */,
			);
			name = LaunchScreen.storyboard;
			sourceTree = "<group>";
		};
/* End PBXVariantGroup section */

/* Begin XCBuildConfiguration section */
		FBD987852CA1E0F700775A1A /* Debug */ = {
			isa = XCBuildConfiguration;
			buildSettings = {
				ALWAYS_SEARCH_USER_PATHS = NO;
				ASSETCATALOG_COMPILER_GENERATE_SWIFT_ASSET_SYMBOL_EXTENSIONS = YES;
				CLANG_ANALYZER_NONNULL = YES;
				CLANG_ANALYZER_NUMBER_OBJECT_CONVERSION = YES_AGGRESSIVE;
				CLANG_CXX_LANGUAGE_STANDARD = "gnu++20";
				CLANG_ENABLE_MODULES = YES;
				CLANG_ENABLE_OBJC_ARC = YES;
				CLANG_ENABLE_OBJC_WEAK = YES;
				CLANG_WARN_BLOCK_CAPTURE_AUTORELEASING = YES;
				CLANG_WARN_BOOL_CONVERSION = YES;
				CLANG_WARN_COMMA = YES;
				CLANG_WARN_CONSTANT_CONVERSION = YES;
				CLANG_WARN_DEPRECATED_OBJC_IMPLEMENTATIONS = YES;
				CLANG_WARN_DIRECT_OBJC_ISA_USAGE = YES_ERROR;
				CLANG_WARN_DOCUMENTATION_COMMENTS = YES;
				CLANG_WARN_EMPTY_BODY = YES;
				CLANG_WARN_ENUM_CONVERSION = YES;
				CLANG_WARN_INFINITE_RECURSION = YES;
				CLANG_WARN_INT_CONVERSION = YES;
				CLANG_WARN_NON_LITERAL_NULL_CONVERSION = YES;
				CLANG_WARN_OBJC_IMPLICIT_RETAIN_SELF = YES;
				CLANG_WARN_OBJC_LITERAL_CONVERSION = YES;
				CLANG_WARN_OBJC_ROOT_CLASS = YES_ERROR;
				CLANG_WARN_QUOTED_INCLUDE_IN_FRAMEWORK_HEADER = YES;
				CLANG_WARN_RANGE_LOOP_ANALYSIS = YES;
				CLANG_WARN_STRICT_PROTOTYPES = YES;
				CLANG_WARN_SUSPICIOUS_MOVE = YES;
				CLANG_WARN_UNGUARDED_AVAILABILITY = YES_AGGRESSIVE;
				CLANG_WARN_UNREACHABLE_CODE = YES;
				CLANG_WARN__DUPLICATE_METHOD_MATCH = YES;
				COPY_PHASE_STRIP = NO;
				DEBUG_INFORMATION_FORMAT = dwarf;
				ENABLE_STRICT_OBJC_MSGSEND = YES;
				ENABLE_TESTABILITY = YES;
				ENABLE_USER_SCRIPT_SANDBOXING = YES;
				GCC_C_LANGUAGE_STANDARD = gnu17;
				GCC_DYNAMIC_NO_PIC = NO;
				GCC_NO_COMMON_BLOCKS = YES;
				GCC_OPTIMIZATION_LEVEL = 0;
				GCC_PREPROCESSOR_DEFINITIONS = (
					"DEBUG=1",
					"$(inherited)",
				);
				GCC_WARN_64_TO_32_BIT_CONVERSION = YES;
				GCC_WARN_ABOUT_RETURN_TYPE = YES_ERROR;
				GCC_WARN_UNDECLARED_SELECTOR = YES;
				GCC_WARN_UNINITIALIZED_AUTOS = YES_AGGRESSIVE;
				GCC_WARN_UNUSED_FUNCTION = YES;
				GCC_WARN_UNUSED_VARIABLE = YES;
				IPHONEOS_DEPLOYMENT_TARGET = 17.4;
				LOCALIZATION_PREFERS_STRING_CATALOGS = YES;
				MTL_ENABLE_DEBUG_INFO = INCLUDE_SOURCE;
				MTL_FAST_MATH = YES;
				ONLY_ACTIVE_ARCH = YES;
				SDKROOT = iphoneos;
				SWIFT_ACTIVE_COMPILATION_CONDITIONS = "DEBUG $(inherited)";
				SWIFT_OPTIMIZATION_LEVEL = "-Onone";
			};
			name = Debug;
		};
		FBD987862CA1E0F700775A1A /* Release */ = {
			isa = XCBuildConfiguration;
			buildSettings = {
				ALWAYS_SEARCH_USER_PATHS = NO;
				ASSETCATALOG_COMPILER_GENERATE_SWIFT_ASSET_SYMBOL_EXTENSIONS = YES;
				CLANG_ANALYZER_NONNULL = YES;
				CLANG_ANALYZER_NUMBER_OBJECT_CONVERSION = YES_AGGRESSIVE;
				CLANG_CXX_LANGUAGE_STANDARD = "gnu++20";
				CLANG_ENABLE_MODULES = YES;
				CLANG_ENABLE_OBJC_ARC = YES;
				CLANG_ENABLE_OBJC_WEAK = YES;
				CLANG_WARN_BLOCK_CAPTURE_AUTORELEASING = YES;
				CLANG_WARN_BOOL_CONVERSION = YES;
				CLANG_WARN_COMMA = YES;
				CLANG_WARN_CONSTANT_CONVERSION = YES;
				CLANG_WARN_DEPRECATED_OBJC_IMPLEMENTATIONS = YES;
				CLANG_WARN_DIRECT_OBJC_ISA_USAGE = YES_ERROR;
				CLANG_WARN_DOCUMENTATION_COMMENTS = YES;
				CLANG_WARN_EMPTY_BODY = YES;
				CLANG_WARN_ENUM_CONVERSION = YES;
				CLANG_WARN_INFINITE_RECURSION = YES;
				CLANG_WARN_INT_CONVERSION = YES;
				CLANG_WARN_NON_LITERAL_NULL_CONVERSION = YES;
				CLANG_WARN_OBJC_IMPLICIT_RETAIN_SELF = YES;
				CLANG_WARN_OBJC_LITERAL_CONVERSION = YES;
				CLANG_WARN_OBJC_ROOT_CLASS = YES_ERROR;
				CLANG_WARN_QUOTED_INCLUDE_IN_FRAMEWORK_HEADER = YES;
				CLANG_WARN_RANGE_LOOP_ANALYSIS = YES;
				CLANG_WARN_STRICT_PROTOTYPES = YES;
				CLANG_WARN_SUSPICIOUS_MOVE = YES;
				CLANG_WARN_UNGUARDED_AVAILABILITY = YES_AGGRESSIVE;
				CLANG_WARN_UNREACHABLE_CODE = YES;
				CLANG_WARN__DUPLICATE_METHOD_MATCH = YES;
				COPY_PHASE_STRIP = NO;
				DEBUG_INFORMATION_FORMAT = "dwarf-with-dsym";
				ENABLE_NS_ASSERTIONS = NO;
				ENABLE_STRICT_OBJC_MSGSEND = YES;
				ENABLE_USER_SCRIPT_SANDBOXING = YES;
				GCC_C_LANGUAGE_STANDARD = gnu17;
				GCC_NO_COMMON_BLOCKS = YES;
				GCC_WARN_64_TO_32_BIT_CONVERSION = YES;
				GCC_WARN_ABOUT_RETURN_TYPE = YES_ERROR;
				GCC_WARN_UNDECLARED_SELECTOR = YES;
				GCC_WARN_UNINITIALIZED_AUTOS = YES_AGGRESSIVE;
				GCC_WARN_UNUSED_FUNCTION = YES;
				GCC_WARN_UNUSED_VARIABLE = YES;
				IPHONEOS_DEPLOYMENT_TARGET = 17.4;
				LOCALIZATION_PREFERS_STRING_CATALOGS = YES;
				MTL_ENABLE_DEBUG_INFO = NO;
				MTL_FAST_MATH = YES;
				SDKROOT = iphoneos;
				SWIFT_COMPILATION_MODE = wholemodule;
				VALIDATE_PRODUCT = YES;
			};
			name = Release;
		};
		FBD987882CA1E0F700775A1A /* Debug */ = {
			isa = XCBuildConfiguration;
			buildSettings = {
				ASSETCATALOG_COMPILER_APPICON_NAME = AppIcon;
				ASSETCATALOG_COMPILER_GLOBAL_ACCENT_COLOR_NAME = AccentColor;
				CODE_SIGN_STYLE = Automatic;
				CURRENT_PROJECT_VERSION = 1;
				GENERATE_INFOPLIST_FILE = YES;
				INFOPLIST_FILE = paisesTuristicos/Info.plist;
				INFOPLIST_KEY_UIApplicationSupportsIndirectInputEvents = YES;
				INFOPLIST_KEY_UILaunchStoryboardName = LaunchScreen;
				INFOPLIST_KEY_UIMainStoryboardFile = Main;
				INFOPLIST_KEY_UISupportedInterfaceOrientations_iPad = "UIInterfaceOrientationPortrait UIInterfaceOrientationPortraitUpsideDown UIInterfaceOrientationLandscapeLeft UIInterfaceOrientationLandscapeRight";
				INFOPLIST_KEY_UISupportedInterfaceOrientations_iPhone = "UIInterfaceOrientationPortrait UIInterfaceOrientationLandscapeLeft UIInterfaceOrientationLandscapeRight";
				LD_RUNPATH_SEARCH_PATHS = (
					"$(inherited)",
					"@executable_path/Frameworks",
				);
				MARKETING_VERSION = 1.0;
				PRODUCT_BUNDLE_IDENTIFIER = com.tecsup.palomino.paisesTuristicos;
				PRODUCT_NAME = "$(TARGET_NAME)";
				SWIFT_EMIT_LOC_STRINGS = YES;
				SWIFT_VERSION = 5.0;
				TARGETED_DEVICE_FAMILY = "1,2";
			};
			name = Debug;
		};
		FBD987892CA1E0F700775A1A /* Release */ = {
			isa = XCBuildConfiguration;
			buildSettings = {
				ASSETCATALOG_COMPILER_APPICON_NAME = AppIcon;
				ASSETCATALOG_COMPILER_GLOBAL_ACCENT_COLOR_NAME = AccentColor;
				CODE_SIGN_STYLE = Automatic;
				CURRENT_PROJECT_VERSION = 1;
				GENERATE_INFOPLIST_FILE = YES;
				INFOPLIST_FILE = paisesTuristicos/Info.plist;
				INFOPLIST_KEY_UIApplicationSupportsIndirectInputEvents = YES;
				INFOPLIST_KEY_UILaunchStoryboardName = LaunchScreen;
				INFOPLIST_KEY_UIMainStoryboardFile = Main;
				INFOPLIST_KEY_UISupportedInterfaceOrientations_iPad = "UIInterfaceOrientationPortrait UIInterfaceOrientationPortraitUpsideDown UIInterfaceOrientationLandscapeLeft UIInterfaceOrientationLandscapeRight";
				INFOPLIST_KEY_UISupportedInterfaceOrientations_iPhone = "UIInterfaceOrientationPortrait UIInterfaceOrientationLandscapeLeft UIInterfaceOrientationLandscapeRight";
				LD_RUNPATH_SEARCH_PATHS = (
					"$(inherited)",
					"@executable_path/Frameworks",
				);
				MARKETING_VERSION = 1.0;
				PRODUCT_BUNDLE_IDENTIFIER = com.tecsup.palomino.paisesTuristicos;
				PRODUCT_NAME = "$(TARGET_NAME)";
				SWIFT_EMIT_LOC_STRINGS = YES;
				SWIFT_VERSION = 5.0;
				TARGETED_DEVICE_FAMILY = "1,2";
			};
			name = Release;
		};
/* End XCBuildConfiguration section */

/* Begin XCConfigurationList section */
		FBD9876E2CA1E0F500775A1A /* Build configuration list for PBXProject "paisesTuristicos" */ = {
			isa = XCConfigurationList;
			buildConfigurations = (
				FBD987852CA1E0F700775A1A /* Debug */,
				FBD987862CA1E0F700775A1A /* Release */,
			);
			defaultConfigurationIsVisible = 0;
			defaultConfigurationName = Release;
		};
		FBD987872CA1E0F700775A1A /* Build configuration list for PBXNativeTarget "paisesTuristicos" */ = {
			isa = XCConfigurationList;
			buildConfigurations = (
				FBD987882CA1E0F700775A1A /* Debug */,
				FBD987892CA1E0F700775A1A /* Release */,
			);
			defaultConfigurationIsVisible = 0;
			defaultConfigurationName = Release;
		};
/* End XCConfigurationList section */
	};
	rootObject = FBD9876B2CA1E0F500775A1A /* Project object */;
}
